// !$*UTF8*$!
{
	archiveVersion = 1;
	classes = {
	};
	objectVersion = 46;
	objects = {

/* Begin PBXBuildFile section */
		553328FC1C70515B00FFAED7 /* Config.swift in Sources */ = {isa = PBXBuildFile; fileRef = 553328FB1C70515B00FFAED7 /* Config.swift */; };
		553D212F1C6DDBF400298254 /* AppDelegate.swift in Sources */ = {isa = PBXBuildFile; fileRef = 553D212E1C6DDBF400298254 /* AppDelegate.swift */; };
		553D21311C6DDBF400298254 /* ViewController.swift in Sources */ = {isa = PBXBuildFile; fileRef = 553D21301C6DDBF400298254 /* ViewController.swift */; };
		553D21331C6DDBF400298254 /* Assets.xcassets in Resources */ = {isa = PBXBuildFile; fileRef = 553D21321C6DDBF400298254 /* Assets.xcassets */; };
		553D21361C6DDBF400298254 /* Main.storyboard in Resources */ = {isa = PBXBuildFile; fileRef = 553D21341C6DDBF400298254 /* Main.storyboard */; };
		553D21411C6DDBF400298254 /* HatenaBookmarkAPITestTests.swift in Sources */ = {isa = PBXBuildFile; fileRef = 553D21401C6DDBF400298254 /* HatenaBookmarkAPITestTests.swift */; };
		558409EB1C7068A400C9912D /* OAuthSwift.framework in Embed Frameworks */ = {isa = PBXBuildFile; fileRef = 558409E21C70688B00C9912D /* OAuthSwift.framework */; settings = {ATTRIBUTES = (CodeSignOnCopy, RemoveHeadersOnCopy, ); }; };
		55DCE8481C6E9FE70085C7D2 /* AuthWebViewController.swift in Sources */ = {isa = PBXBuildFile; fileRef = 55DCE8471C6E9FE70085C7D2 /* AuthWebViewController.swift */; };
/* End PBXBuildFile section */

/* Begin PBXContainerItemProxy section */
		553D213D1C6DDBF400298254 /* PBXContainerItemProxy */ = {
			isa = PBXContainerItemProxy;
			containerPortal = 553D21231C6DDBF400298254 /* Project object */;
			proxyType = 1;
			remoteGlobalIDString = 553D212A1C6DDBF400298254;
			remoteInfo = HatenaBookmarkAPITest;
		};
		558409DD1C70688B00C9912D /* PBXContainerItemProxy */ = {
			isa = PBXContainerItemProxy;
			containerPortal = 558409D31C70688B00C9912D /* OAuthSwift.xcodeproj */;
			proxyType = 2;
			remoteGlobalIDString = F435027A1A6791B200038A29;
			remoteInfo = OAuthSwift;
		};
		558409DF1C70688B00C9912D /* PBXContainerItemProxy */ = {
			isa = PBXContainerItemProxy;
			containerPortal = 558409D31C70688B00C9912D /* OAuthSwift.xcodeproj */;
			proxyType = 2;
			remoteGlobalIDString = F451E3C5195B8CD80051434C;
			remoteInfo = OAuthSwiftDemo;
		};
		558409E11C70688B00C9912D /* PBXContainerItemProxy */ = {
			isa = PBXContainerItemProxy;
			containerPortal = 558409D31C70688B00C9912D /* OAuthSwift.xcodeproj */;
			proxyType = 2;
			remoteGlobalIDString = C48B28021AFA598D00C7DEF6;
			remoteInfo = OAuthSwiftOSX;
		};
		558409E31C70688B00C9912D /* PBXContainerItemProxy */ = {
			isa = PBXContainerItemProxy;
			containerPortal = 558409D31C70688B00C9912D /* OAuthSwift.xcodeproj */;
			proxyType = 2;
			remoteGlobalIDString = C49FD5241AFB5DF500791E1A;
			remoteInfo = OAuthSwiftOSXDemo;
		};
		558409E51C70688B00C9912D /* PBXContainerItemProxy */ = {
			isa = PBXContainerItemProxy;
			containerPortal = 558409D31C70688B00C9912D /* OAuthSwift.xcodeproj */;
			proxyType = 2;
			remoteGlobalIDString = C4B6EE1E1BF74CE300443596;
			remoteInfo = OAuthSwiftTVOS;
		};
		558409E71C70688B00C9912D /* PBXContainerItemProxy */ = {
			isa = PBXContainerItemProxy;
			containerPortal = 558409D31C70688B00C9912D /* OAuthSwift.xcodeproj */;
			proxyType = 2;
			remoteGlobalIDString = C40890C01C11B37000E3146A;
			remoteInfo = OAuthSwiftWatchOS;
		};
		558409E91C70688B00C9912D /* PBXContainerItemProxy */ = {
			isa = PBXContainerItemProxy;
			containerPortal = 558409D31C70688B00C9912D /* OAuthSwift.xcodeproj */;
			proxyType = 2;
			remoteGlobalIDString = C4D50DF71BFB693F0053B624;
			remoteInfo = OAuthSwiftTests;
		};
/* End PBXContainerItemProxy section */

/* Begin PBXCopyFilesBuildPhase section */
		553D21561C6DDE1800298254 /* Embed Frameworks */ = {
			isa = PBXCopyFilesBuildPhase;
			buildActionMask = 2147483647;
			dstPath = "";
			dstSubfolderSpec = 10;
			files = (
				558409EB1C7068A400C9912D /* OAuthSwift.framework in Embed Frameworks */,
			);
			name = "Embed Frameworks";
			runOnlyForDeploymentPostprocessing = 0;
		};
/* End PBXCopyFilesBuildPhase section */

/* Begin PBXFileReference section */
		553328FB1C70515B00FFAED7 /* Config.swift */ = {isa = PBXFileReference; fileEncoding = 4; lastKnownFileType = sourcecode.swift; path = Config.swift; sourceTree = "<group>"; };
		553D212B1C6DDBF400298254 /* HatenaBookmarkAPITest.app */ = {isa = PBXFileReference; explicitFileType = wrapper.application; includeInIndex = 0; path = HatenaBookmarkAPITest.app; sourceTree = BUILT_PRODUCTS_DIR; };
		553D212E1C6DDBF400298254 /* AppDelegate.swift */ = {isa = PBXFileReference; lastKnownFileType = sourcecode.swift; path = AppDelegate.swift; sourceTree = "<group>"; };
		553D21301C6DDBF400298254 /* ViewController.swift */ = {isa = PBXFileReference; lastKnownFileType = sourcecode.swift; path = ViewController.swift; sourceTree = "<group>"; };
		553D21321C6DDBF400298254 /* Assets.xcassets */ = {isa = PBXFileReference; lastKnownFileType = folder.assetcatalog; path = Assets.xcassets; sourceTree = "<group>"; };
		553D21351C6DDBF400298254 /* Base */ = {isa = PBXFileReference; lastKnownFileType = file.storyboard; name = Base; path = Base.lproj/Main.storyboard; sourceTree = "<group>"; };
		553D21371C6DDBF400298254 /* Info.plist */ = {isa = PBXFileReference; lastKnownFileType = text.plist.xml; path = Info.plist; sourceTree = "<group>"; };
		553D213C1C6DDBF400298254 /* HatenaBookmarkAPITestTests.xctest */ = {isa = PBXFileReference; explicitFileType = wrapper.cfbundle; includeInIndex = 0; path = HatenaBookmarkAPITestTests.xctest; sourceTree = BUILT_PRODUCTS_DIR; };
		553D21401C6DDBF400298254 /* HatenaBookmarkAPITestTests.swift */ = {isa = PBXFileReference; lastKnownFileType = sourcecode.swift; path = HatenaBookmarkAPITestTests.swift; sourceTree = "<group>"; };
		553D21421C6DDBF400298254 /* Info.plist */ = {isa = PBXFileReference; lastKnownFileType = text.plist.xml; path = Info.plist; sourceTree = "<group>"; };
		558409D31C70688B00C9912D /* OAuthSwift.xcodeproj */ = {isa = PBXFileReference; lastKnownFileType = "wrapper.pb-project"; name = OAuthSwift.xcodeproj; path = OAuthSwift/OAuthSwift.xcodeproj; sourceTree = "<group>"; };
		55DCE8471C6E9FE70085C7D2 /* AuthWebViewController.swift */ = {isa = PBXFileReference; fileEncoding = 4; lastKnownFileType = sourcecode.swift; path = AuthWebViewController.swift; sourceTree = "<group>"; };
/* End PBXFileReference section */

/* Begin PBXFrameworksBuildPhase section */
		553D21281C6DDBF400298254 /* Frameworks */ = {
			isa = PBXFrameworksBuildPhase;
			buildActionMask = 2147483647;
			files = (
			);
			runOnlyForDeploymentPostprocessing = 0;
		};
		553D21391C6DDBF400298254 /* Frameworks */ = {
			isa = PBXFrameworksBuildPhase;
			buildActionMask = 2147483647;
			files = (
			);
			runOnlyForDeploymentPostprocessing = 0;
		};
/* End PBXFrameworksBuildPhase section */

/* Begin PBXGroup section */
		553D21221C6DDBF400298254 = {
			isa = PBXGroup;
			children = (
				553D212D1C6DDBF400298254 /* HatenaBookmarkAPITest */,
				553D213F1C6DDBF400298254 /* HatenaBookmarkAPITestTests */,
				553D21571C6DDE2400298254 /* Frameworks */,
				553D212C1C6DDBF400298254 /* Products */,
				558409D31C70688B00C9912D /* OAuthSwift.xcodeproj */,
			);
			sourceTree = "<group>";
		};
		553D212C1C6DDBF400298254 /* Products */ = {
			isa = PBXGroup;
			children = (
				553D212B1C6DDBF400298254 /* HatenaBookmarkAPITest.app */,
				553D213C1C6DDBF400298254 /* HatenaBookmarkAPITestTests.xctest */,
			);
			name = Products;
			sourceTree = "<group>";
		};
		553D212D1C6DDBF400298254 /* HatenaBookmarkAPITest */ = {
			isa = PBXGroup;
			children = (
				553328FB1C70515B00FFAED7 /* Config.swift */,
				553D212E1C6DDBF400298254 /* AppDelegate.swift */,
				553D21301C6DDBF400298254 /* ViewController.swift */,
				55DCE8471C6E9FE70085C7D2 /* AuthWebViewController.swift */,
				553D21321C6DDBF400298254 /* Assets.xcassets */,
				553D21341C6DDBF400298254 /* Main.storyboard */,
				553D21371C6DDBF400298254 /* Info.plist */,
			);
			path = HatenaBookmarkAPITest;
			sourceTree = "<group>";
		};
		553D213F1C6DDBF400298254 /* HatenaBookmarkAPITestTests */ = {
			isa = PBXGroup;
			children = (
				553D21401C6DDBF400298254 /* HatenaBookmarkAPITestTests.swift */,
				553D21421C6DDBF400298254 /* Info.plist */,
			);
			path = HatenaBookmarkAPITestTests;
			sourceTree = "<group>";
		};
		553D21571C6DDE2400298254 /* Frameworks */ = {
			isa = PBXGroup;
			children = (
			);
			name = Frameworks;
			sourceTree = "<group>";
		};
		558409D41C70688B00C9912D /* Products */ = {
			isa = PBXGroup;
			children = (
				558409DE1C70688B00C9912D /* OAuthSwift.framework */,
				558409E01C70688B00C9912D /* OAuthSwiftDemo.app */,
				558409E21C70688B00C9912D /* OAuthSwift.framework */,
				558409E41C70688B00C9912D /* OAuthSwiftOSXDemo.app */,
				558409E61C70688B00C9912D /* OAuthSwift.framework */,
				558409E81C70688B00C9912D /* OAuthSwift.framework */,
				558409EA1C70688B00C9912D /* OAuthSwiftTests.xctest */,
			);
			name = Products;
			sourceTree = "<group>";
		};
/* End PBXGroup section */

/* Begin PBXNativeTarget section */
		553D212A1C6DDBF400298254 /* HatenaBookmarkAPITest */ = {
			isa = PBXNativeTarget;
			buildConfigurationList = 553D21451C6DDBF400298254 /* Build configuration list for PBXNativeTarget "HatenaBookmarkAPITest" */;
			buildPhases = (
				553D21271C6DDBF400298254 /* Sources */,
				553D21281C6DDBF400298254 /* Frameworks */,
				553D21291C6DDBF400298254 /* Resources */,
				553D21561C6DDE1800298254 /* Embed Frameworks */,
			);
			buildRules = (
			);
			dependencies = (
			);
			name = HatenaBookmarkAPITest;
			productName = HatenaBookmarkAPITest;
			productReference = 553D212B1C6DDBF400298254 /* HatenaBookmarkAPITest.app */;
			productType = "com.apple.product-type.application";
		};
		553D213B1C6DDBF400298254 /* HatenaBookmarkAPITestTests */ = {
			isa = PBXNativeTarget;
			buildConfigurationList = 553D21481C6DDBF400298254 /* Build configuration list for PBXNativeTarget "HatenaBookmarkAPITestTests" */;
			buildPhases = (
				553D21381C6DDBF400298254 /* Sources */,
				553D21391C6DDBF400298254 /* Frameworks */,
				553D213A1C6DDBF400298254 /* Resources */,
			);
			buildRules = (
			);
			dependencies = (
				553D213E1C6DDBF400298254 /* PBXTargetDependency */,
			);
			name = HatenaBookmarkAPITestTests;
			productName = HatenaBookmarkAPITestTests;
			productReference = 553D213C1C6DDBF400298254 /* HatenaBookmarkAPITestTests.xctest */;
			productType = "com.apple.product-type.bundle.unit-test";
		};
/* End PBXNativeTarget section */

/* Begin PBXProject section */
		553D21231C6DDBF400298254 /* Project object */ = {
			isa = PBXProject;
			attributes = {
				LastSwiftUpdateCheck = 0730;
				LastUpgradeCheck = 0730;
				ORGANIZATIONNAME = "北䑓 如法";
				TargetAttributes = {
					553D212A1C6DDBF400298254 = {
						CreatedOnToolsVersion = 7.3;
					};
					553D213B1C6DDBF400298254 = {
						CreatedOnToolsVersion = 7.3;
						TestTargetID = 553D212A1C6DDBF400298254;
					};
				};
			};
			buildConfigurationList = 553D21261C6DDBF400298254 /* Build configuration list for PBXProject "HatenaBookmarkAPITest" */;
			compatibilityVersion = "Xcode 3.2";
			developmentRegion = English;
			hasScannedForEncodings = 0;
			knownRegions = (
				en,
				Base,
			);
			mainGroup = 553D21221C6DDBF400298254;
			productRefGroup = 553D212C1C6DDBF400298254 /* Products */;
			projectDirPath = "";
			projectReferences = (
				{
					ProductGroup = 558409D41C70688B00C9912D /* Products */;
					ProjectRef = 558409D31C70688B00C9912D /* OAuthSwift.xcodeproj */;
				},
			);
			projectRoot = "";
			targets = (
				553D212A1C6DDBF400298254 /* HatenaBookmarkAPITest */,
				553D213B1C6DDBF400298254 /* HatenaBookmarkAPITestTests */,
			);
		};
/* End PBXProject section */

/* Begin PBXReferenceProxy section */
		558409DE1C70688B00C9912D /* OAuthSwift.framework */ = {
			isa = PBXReferenceProxy;
			fileType = wrapper.framework;
			path = OAuthSwift.framework;
			remoteRef = 558409DD1C70688B00C9912D /* PBXContainerItemProxy */;
			sourceTree = BUILT_PRODUCTS_DIR;
		};
		558409E01C70688B00C9912D /* OAuthSwiftDemo.app */ = {
			isa = PBXReferenceProxy;
			fileType = wrapper.application;
			path = OAuthSwiftDemo.app;
			remoteRef = 558409DF1C70688B00C9912D /* PBXContainerItemProxy */;
			sourceTree = BUILT_PRODUCTS_DIR;
		};
		558409E21C70688B00C9912D /* OAuthSwift.framework */ = {
			isa = PBXReferenceProxy;
			fileType = wrapper.framework;
			path = OAuthSwift.framework;
			remoteRef = 558409E11C70688B00C9912D /* PBXContainerItemProxy */;
			sourceTree = BUILT_PRODUCTS_DIR;
		};
		558409E41C70688B00C9912D /* OAuthSwiftOSXDemo.app */ = {
			isa = PBXReferenceProxy;
			fileType = wrapper.application;
			path = OAuthSwiftOSXDemo.app;
			remoteRef = 558409E31C70688B00C9912D /* PBXContainerItemProxy */;
			sourceTree = BUILT_PRODUCTS_DIR;
		};
		558409E61C70688B00C9912D /* OAuthSwift.framework */ = {
			isa = PBXReferenceProxy;
			fileType = wrapper.framework;
			path = OAuthSwift.framework;
			remoteRef = 558409E51C70688B00C9912D /* PBXContainerItemProxy */;
			sourceTree = BUILT_PRODUCTS_DIR;
		};
		558409E81C70688B00C9912D /* OAuthSwift.framework */ = {
			isa = PBXReferenceProxy;
			fileType = wrapper.framework;
			path = OAuthSwift.framework;
			remoteRef = 558409E71C70688B00C9912D /* PBXContainerItemProxy */;
			sourceTree = BUILT_PRODUCTS_DIR;
		};
		558409EA1C70688B00C9912D /* OAuthSwiftTests.xctest */ = {
			isa = PBXReferenceProxy;
			fileType = wrapper.cfbundle;
			path = OAuthSwiftTests.xctest;
			remoteRef = 558409E91C70688B00C9912D /* PBXContainerItemProxy */;
			sourceTree = BUILT_PRODUCTS_DIR;
		};
/* End PBXReferenceProxy section */

/* Begin PBXResourcesBuildPhase section */
		553D21291C6DDBF400298254 /* Resources */ = {
			isa = PBXResourcesBuildPhase;
			buildActionMask = 2147483647;
			files = (
				553D21331C6DDBF400298254 /* Assets.xcassets in Resources */,
				553D21361C6DDBF400298254 /* Main.storyboard in Resources */,
			);
			runOnlyForDeploymentPostprocessing = 0;
		};
		553D213A1C6DDBF400298254 /* Resources */ = {
			isa = PBXResourcesBuildPhase;
			buildActionMask = 2147483647;
			files = (
			);
			runOnlyForDeploymentPostprocessing = 0;
		};
/* End PBXResourcesBuildPhase section */

/* Begin PBXSourcesBuildPhase section */
		553D21271C6DDBF400298254 /* Sources */ = {
			isa = PBXSourcesBuildPhase;
			buildActionMask = 2147483647;
			files = (
				553D21311C6DDBF400298254 /* ViewController.swift in Sources */,
				55DCE8481C6E9FE70085C7D2 /* AuthWebViewController.swift in Sources */,
				553D212F1C6DDBF400298254 /* AppDelegate.swift in Sources */,
				553328FC1C70515B00FFAED7 /* Config.swift in Sources */,
			);
			runOnlyForDeploymentPostprocessing = 0;
		};
		553D21381C6DDBF400298254 /* Sources */ = {
			isa = PBXSourcesBuildPhase;
			buildActionMask = 2147483647;
			files = (
				553D21411C6DDBF400298254 /* HatenaBookmarkAPITestTests.swift in Sources */,
			);
			runOnlyForDeploymentPostprocessing = 0;
		};
/* End PBXSourcesBuildPhase section */

/* Begin PBXTargetDependency section */
		553D213E1C6DDBF400298254 /* PBXTargetDependency */ = {
			isa = PBXTargetDependency;
			target = 553D212A1C6DDBF400298254 /* HatenaBookmarkAPITest */;
			targetProxy = 553D213D1C6DDBF400298254 /* PBXContainerItemProxy */;
		};
/* End PBXTargetDependency section */

/* Begin PBXVariantGroup section */
		553D21341C6DDBF400298254 /* Main.storyboard */ = {
			isa = PBXVariantGroup;
			children = (
				553D21351C6DDBF400298254 /* Base */,
			);
			name = Main.storyboard;
			sourceTree = "<group>";
		};
/* End PBXVariantGroup section */

/* Begin XCBuildConfiguration section */
		553D21431C6DDBF400298254 /* Debug */ = {
			isa = XCBuildConfiguration;
			buildSettings = {
				ALWAYS_SEARCH_USER_PATHS = NO;
				CLANG_ANALYZER_NONNULL = YES;
				CLANG_CXX_LANGUAGE_STANDARD = "gnu++0x";
				CLANG_CXX_LIBRARY = "libc++";
				CLANG_ENABLE_MODULES = YES;
				CLANG_ENABLE_OBJC_ARC = YES;
				CLANG_WARN_BOOL_CONVERSION = YES;
				CLANG_WARN_CONSTANT_CONVERSION = YES;
				CLANG_WARN_DIRECT_OBJC_ISA_USAGE = YES_ERROR;
				CLANG_WARN_EMPTY_BODY = YES;
				CLANG_WARN_ENUM_CONVERSION = YES;
				CLANG_WARN_INT_CONVERSION = YES;
				CLANG_WARN_OBJC_ROOT_CLASS = YES_ERROR;
				CLANG_WARN_UNREACHABLE_CODE = YES;
				CLANG_WARN__DUPLICATE_METHOD_MATCH = YES;
				CODE_SIGN_IDENTITY = "-";
				COPY_PHASE_STRIP = NO;
				DEBUG_INFORMATION_FORMAT = dwarf;
				ENABLE_STRICT_OBJC_MSGSEND = YES;
				ENABLE_TESTABILITY = YES;
				GCC_C_LANGUAGE_STANDARD = gnu99;
				GCC_DYNAMIC_NO_PIC = NO;
				GCC_NO_COMMON_BLOCKS = YES;
				GCC_OPTIMIZATION_LEVEL = 0;
				GCC_PREPROCESSOR_DEFINITIONS = (
					"DEBUG=1",
					"$(inherited)",
				);
				GCC_WARN_64_TO_32_BIT_CONVERSION = YES;
				GCC_WARN_ABOUT_RETURN_TYPE = YES_ERROR;
				GCC_WARN_UNDECLARED_SELECTOR = YES;
				GCC_WARN_UNINITIALIZED_AUTOS = YES_AGGRESSIVE;
				GCC_WARN_UNUSED_FUNCTION = YES;
				GCC_WARN_UNUSED_VARIABLE = YES;
				MACOSX_DEPLOYMENT_TARGET = 10.11;
				MTL_ENABLE_DEBUG_INFO = YES;
				ONLY_ACTIVE_ARCH = YES;
				SDKROOT = macosx;
				SWIFT_OPTIMIZATION_LEVEL = "-Onone";
			};
			name = Debug;
		};
		553D21441C6DDBF400298254 /* Release */ = {
			isa = XCBuildConfiguration;
			buildSettings = {
				ALWAYS_SEARCH_USER_PATHS = NO;
				CLANG_ANALYZER_NONNULL = YES;
				CLANG_CXX_LANGUAGE_STANDARD = "gnu++0x";
				CLANG_CXX_LIBRARY = "libc++";
				CLANG_ENABLE_MODULES = YES;
				CLANG_ENABLE_OBJC_ARC = YES;
				CLANG_WARN_BOOL_CONVERSION = YES;
				CLANG_WARN_CONSTANT_CONVERSION = YES;
				CLANG_WARN_DIRECT_OBJC_ISA_USAGE = YES_ERROR;
				CLANG_WARN_EMPTY_BODY = YES;
				CLANG_WARN_ENUM_CONVERSION = YES;
				CLANG_WARN_INT_CONVERSION = YES;
				CLANG_WARN_OBJC_ROOT_CLASS = YES_ERROR;
				CLANG_WARN_UNREACHABLE_CODE = YES;
				CLANG_WARN__DUPLICATE_METHOD_MATCH = YES;
				CODE_SIGN_IDENTITY = "-";
				COPY_PHASE_STRIP = NO;
				DEBUG_INFORMATION_FORMAT = "dwarf-with-dsym";
				ENABLE_NS_ASSERTIONS = NO;
				ENABLE_STRICT_OBJC_MSGSEND = YES;
				GCC_C_LANGUAGE_STANDARD = gnu99;
				GCC_NO_COMMON_BLOCKS = YES;
				GCC_WARN_64_TO_32_BIT_CONVERSION = YES;
				GCC_WARN_ABOUT_RETURN_TYPE = YES_ERROR;
				GCC_WARN_UNDECLARED_SELECTOR = YES;
				GCC_WARN_UNINITIALIZED_AUTOS = YES_AGGRESSIVE;
				GCC_WARN_UNUSED_FUNCTION = YES;
				GCC_WARN_UNUSED_VARIABLE = YES;
				MACOSX_DEPLOYMENT_TARGET = 10.11;
				MTL_ENABLE_DEBUG_INFO = NO;
				SDKROOT = macosx;
			};
			name = Release;
		};
		553D21461C6DDBF400298254 /* Debug */ = {
			isa = XCBuildConfiguration;
			buildSettings = {
				ASSETCATALOG_COMPILER_APPICON_NAME = AppIcon;
				COMBINE_HIDPI_IMAGES = YES;
				FRAMEWORK_SEARCH_PATHS = (
					"$(inherited)",
					"$(PROJECT_DIR)/Carthage/Build/Mac",
				);
				INFOPLIST_FILE = HatenaBookmarkAPITest/Info.plist;
				LD_RUNPATH_SEARCH_PATHS = "$(inherited) @executable_path/../Frameworks";
				PRODUCT_BUNDLE_IDENTIFIER = jp.nyoho.HatenaBookmarkAPITest;
				PRODUCT_NAME = "$(TARGET_NAME)";
			};
			name = Debug;
		};
		553D21471C6DDBF400298254 /* Release */ = {
			isa = XCBuildConfiguration;
			buildSettings = {
				ASSETCATALOG_COMPILER_APPICON_NAME = AppIcon;
				COMBINE_HIDPI_IMAGES = YES;
				FRAMEWORK_SEARCH_PATHS = (
					"$(inherited)",
					"$(PROJECT_DIR)/Carthage/Build/Mac",
				);
				INFOPLIST_FILE = HatenaBookmarkAPITest/Info.plist;
				LD_RUNPATH_SEARCH_PATHS = "$(inherited) @executable_path/../Frameworks";
				PRODUCT_BUNDLE_IDENTIFIER = jp.nyoho.HatenaBookmarkAPITest;
				PRODUCT_NAME = "$(TARGET_NAME)";
			};
			name = Release;
		};
		553D21491C6DDBF400298254 /* Debug */ = {
			isa = XCBuildConfiguration;
			buildSettings = {
				BUNDLE_LOADER = "$(TEST_HOST)";
				COMBINE_HIDPI_IMAGES = YES;
				INFOPLIST_FILE = HatenaBookmarkAPITestTests/Info.plist;
				LD_RUNPATH_SEARCH_PATHS = "$(inherited) @executable_path/../Frameworks @loader_path/../Frameworks";
				PRODUCT_BUNDLE_IDENTIFIER = jp.nyoho.HatenaBookmarkAPITestTests;
				PRODUCT_NAME = "$(TARGET_NAME)";
				TEST_HOST = "$(BUILT_PRODUCTS_DIR)/HatenaBookmarkAPITest.app/Contents/MacOS/HatenaBookmarkAPITest";
			};
			name = Debug;
		};
		553D214A1C6DDBF400298254 /* Release */ = {
			isa = XCBuildConfiguration;
			buildSettings = {
				BUNDLE_LOADER = "$(TEST_HOST)";
				COMBINE_HIDPI_IMAGES = YES;
				INFOPLIST_FILE = HatenaBookmarkAPITestTests/Info.plist;
				LD_RUNPATH_SEARCH_PATHS = "$(inherited) @executable_path/../Frameworks @loader_path/../Frameworks";
				PRODUCT_BUNDLE_IDENTIFIER = jp.nyoho.HatenaBookmarkAPITestTests;
				PRODUCT_NAME = "$(TARGET_NAME)";
				TEST_HOST = "$(BUILT_PRODUCTS_DIR)/HatenaBookmarkAPITest.app/Contents/MacOS/HatenaBookmarkAPITest";
			};
			name = Release;
		};
/* End XCBuildConfiguration section */

/* Begin XCConfigurationList section */
		553D21261C6DDBF400298254 /* Build configuration list for PBXProject "HatenaBookmarkAPITest" */ = {
			isa = XCConfigurationList;
			buildConfigurations = (
				553D21431C6DDBF400298254 /* Debug */,
				553D21441C6DDBF400298254 /* Release */,
			);
			defaultConfigurationIsVisible = 0;
			defaultConfigurationName = Release;
		};
		553D21451C6DDBF400298254 /* Build configuration list for PBXNativeTarget "HatenaBookmarkAPITest" */ = {
			isa = XCConfigurationList;
			buildConfigurations = (
				553D21461C6DDBF400298254 /* Debug */,
				553D21471C6DDBF400298254 /* Release */,
			);
			defaultConfigurationIsVisible = 0;
			defaultConfigurationName = Release;
		};
		553D21481C6DDBF400298254 /* Build configuration list for PBXNativeTarget "HatenaBookmarkAPITestTests" */ = {
			isa = XCConfigurationList;
			buildConfigurations = (
				553D21491C6DDBF400298254 /* Debug */,
				553D214A1C6DDBF400298254 /* Release */,
			);
			defaultConfigurationIsVisible = 0;
			defaultConfigurationName = Release;
		};
/* End XCConfigurationList section */
	};
	rootObject = 553D21231C6DDBF400298254 /* Project object */;
}
